// !$*UTF8*$!
{
	archiveVersion = 1;
	classes = {
	};
	objectVersion = 46;
	objects = {

/* Begin PBXBuildFile section */
		CAF674A11E55C6C1009A09F1 /* AppDelegate.swift in Sources */ = {isa = PBXBuildFile; fileRef = CAF674A01E55C6C1009A09F1 /* AppDelegate.swift */; };
		CAF674A31E55C6C1009A09F1 /* ViewController.swift in Sources */ = {isa = PBXBuildFile; fileRef = CAF674A21E55C6C1009A09F1 /* ViewController.swift */; };
		CAF674A61E55C6C1009A09F1 /* Main.storyboard in Resources */ = {isa = PBXBuildFile; fileRef = CAF674A41E55C6C1009A09F1 /* Main.storyboard */; };
		CAF674A81E55C6C1009A09F1 /* Assets.xcassets in Resources */ = {isa = PBXBuildFile; fileRef = CAF674A71E55C6C1009A09F1 /* Assets.xcassets */; };
		CAF674AB1E55C6C1009A09F1 /* LaunchScreen.storyboard in Resources */ = {isa = PBXBuildFile; fileRef = CAF674A91E55C6C1009A09F1 /* LaunchScreen.storyboard */; };
/* End PBXBuildFile section */

/* Begin PBXFileReference section */
		CAF6749D1E55C6C0009A09F1 /* helloworldgit.app */ = {isa = PBXFileReference; explicitFileType = wrapper.application; includeInIndex = 0; path = helloworldgit.app; sourceTree = BUILT_PRODUCTS_DIR; };
		CAF674A01E55C6C1009A09F1 /* AppDelegate.swift */ = {isa = PBXFileReference; lastKnownFileType = sourcecode.swift; path = AppDelegate.swift; sourceTree = "<group>"; };
		CAF674A21E55C6C1009A09F1 /* ViewController.swift */ = {isa = PBXFileReference; lastKnownFileType = sourcecode.swift; path = ViewController.swift; sourceTree = "<group>"; };
		CAF674A51E55C6C1009A09F1 /* Base */ = {isa = PBXFileReference; lastKnownFileType = file.storyboard; name = Base; path = Base.lproj/Main.storyboard; sourceTree = "<group>"; };
		CAF674A71E55C6C1009A09F1 /* Assets.xcassets */ = {isa = PBXFileReference; lastKnownFileType = folder.assetcatalog; path = Assets.xcassets; sourceTree = "<group>"; };
		CAF674AA1E55C6C1009A09F1 /* Base */ = {isa = PBXFileReference; lastKnownFileType = file.storyboard; name = Base; path = Base.lproj/LaunchScreen.storyboard; sourceTree = "<group>"; };
		CAF674AC1E55C6C1009A09F1 /* Info.plist */ = {isa = PBXFileReference; lastKnownFileType = text.plist.xml; path = Info.plist; sourceTree = "<group>"; };
/* End PBXFileReference section */

/* Begin PBXFrameworksBuildPhase section */
		CAF6749A1E55C6C0009A09F1 /* Frameworks */ = {
			isa = PBXFrameworksBuildPhase;
			buildActionMask = 2147483647;
			files = (
			);
			runOnlyForDeploymentPostprocessing = 0;
		};
/* End PBXFrameworksBuildPhase section */

/* Begin PBXGroup section */
		CAF674941E55C6C0009A09F1 = {
			isa = PBXGroup;
			children = (
				CAF6749F1E55C6C0009A09F1 /* helloworldgit */,
				CAF6749E1E55C6C0009A09F1 /* Products */,
			);
			sourceTree = "<group>";
		};
		CAF6749E1E55C6C0009A09F1 /* Products */ = {
			isa = PBXGroup;
			children = (
				CAF6749D1E55C6C0009A09F1 /* helloworldgit.app */,
			);
			name = Products;
			sourceTree = "<group>";
		};
		CAF6749F1E55C6C0009A09F1 /* helloworldgit */ = {
			isa = PBXGroup;
			children = (
				CAF674A01E55C6C1009A09F1 /* AppDelegate.swift */,
				CAF674A21E55C6C1009A09F1 /* ViewController.swift */,
				CAF674A41E55C6C1009A09F1 /* Main.storyboard */,
				CAF674A71E55C6C1009A09F1 /* Assets.xcassets */,
				CAF674A91E55C6C1009A09F1 /* LaunchScreen.storyboard */,
				CAF674AC1E55C6C1009A09F1 /* Info.plist */,
			);
			path = helloworldgit;
			sourceTree = "<group>";
		};
/* End PBXGroup section */

/* Begin PBXNativeTarget section */
		CAF6749C1E55C6C0009A09F1 /* helloworldgit */ = {
			isa = PBXNativeTarget;
			buildConfigurationList = CAF674AF1E55C6C1009A09F1 /* Build configuration list for PBXNativeTarget "helloworldgit" */;
			buildPhases = (
				CAF674991E55C6C0009A09F1 /* Sources */,
				CAF6749A1E55C6C0009A09F1 /* Frameworks */,
				CAF6749B1E55C6C0009A09F1 /* Resources */,
			);
			buildRules = (
			);
			dependencies = (
			);
			name = helloworldgit;
			productName = helloworldgit;
			productReference = CAF6749D1E55C6C0009A09F1 /* helloworldgit.app */;
			productType = "com.apple.product-type.application";
		};
/* End PBXNativeTarget section */

/* Begin PBXProject section */
		CAF674951E55C6C0009A09F1 /* Project object */ = {
			isa = PBXProject;
			attributes = {
				LastSwiftUpdateCheck = 0810;
				LastUpgradeCheck = 0810;
				ORGANIZATIONNAME = "Jarryd Addinall";
				TargetAttributes = {
					CAF6749C1E55C6C0009A09F1 = {
						CreatedOnToolsVersion = 8.1;
						ProvisioningStyle = Automatic;
					};
				};
			};
			buildConfigurationList = CAF674981E55C6C0009A09F1 /* Build configuration list for PBXProject "helloworldgit" */;
			compatibilityVersion = "Xcode 3.2";
			developmentRegion = English;
			hasScannedForEncodings = 0;
			knownRegions = (
				en,
				Base,
			);
			mainGroup = CAF674941E55C6C0009A09F1;
			productRefGroup = CAF6749E1E55C6C0009A09F1 /* Products */;
			projectDirPath = "";
			projectRoot = "";
			targets = (
				CAF6749C1E55C6C0009A09F1 /* helloworldgit */,
			);
		};
/* End PBXProject section */

/* Begin PBXResourcesBuildPhase section */
		CAF6749B1E55C6C0009A09F1 /* Resources */ = {
			isa = PBXResourcesBuildPhase;
			buildActionMask = 2147483647;
			files = (
				CAF674AB1E55C6C1009A09F1 /* LaunchScreen.storyboard in Resources */,
				CAF674A81E55C6C1009A09F1 /* Assets.xcassets in Resources */,
				CAF674A61E55C6C1009A09F1 /* Main.storyboard in Resources */,
			);
			runOnlyForDeploymentPostprocessing = 0;
		};
/* End PBXResourcesBuildPhase section */

/* Begin PBXSourcesBuildPhase section */
		CAF674991E55C6C0009A09F1 /* Sources */ = {
			isa = PBXSourcesBuildPhase;
			buildActionMask = 2147483647;
			files = (
				CAF674A31E55C6C1009A09F1 /* ViewController.swift in Sources */,
				CAF674A11E55C6C1009A09F1 /* AppDelegate.swift in Sources */,
			);
			runOnlyForDeploymentPostprocessing = 0;
		};
/* End PBXSourcesBuildPhase section */

/* Begin PBXVariantGroup section */
		CAF674A41E55C6C1009A09F1 /* Main.storyboard */ = {
			isa = PBXVariantGroup;
			children = (
				CAF674A51E55C6C1009A09F1 /* Base */,
			);
			name = Main.storyboard;
			sourceTree = "<group>";
		};
		CAF674A91E55C6C1009A09F1 /* LaunchScreen.storyboard */ = {
			isa = PBXVariantGroup;
			children = (
				CAF674AA1E55C6C1009A09F1 /* Base */,
			);
			name = LaunchScreen.storyboard;
			sourceTree = "<group>";
		};
/* End PBXVariantGroup section */

/* Begin XCBuildConfiguration section */
		CAF674AD1E55C6C1009A09F1 /* Debug */ = {
			isa = XCBuildConfiguration;
			buildSettings = {
				ALWAYS_SEARCH_USER_PATHS = NO;
				CLANG_ANALYZER_NONNULL = YES;
				CLANG_CXX_LANGUAGE_STANDARD = "gnu++0x";
				CLANG_CXX_LIBRARY = "libc++";
				CLANG_ENABLE_MODULES = YES;
				CLANG_ENABLE_OBJC_ARC = YES;
				CLANG_WARN_BOOL_CONVERSION = YES;
				CLANG_WARN_CONSTANT_CONVERSION = YES;
				CLANG_WARN_DIRECT_OBJC_ISA_USAGE = YES_ERROR;
				CLANG_WARN_DOCUMENTATION_COMMENTS = YES;
				CLANG_WARN_EMPTY_BODY = YES;
				CLANG_WARN_ENUM_CONVERSION = YES;
				CLANG_WARN_INFINITE_RECURSION = YES;
				CLANG_WARN_INT_CONVERSION = YES;
				CLANG_WARN_OBJC_ROOT_CLASS = YES_ERROR;
				CLANG_WARN_SUSPICIOUS_MOVES = YES;
				CLANG_WARN_UNREACHABLE_CODE = YES;
				CLANG_WARN__DUPLICATE_METHOD_MATCH = YES;
				"CODE_SIGN_IDENTITY[sdk=iphoneos*]" = "iPhone Developer";
				COPY_PHASE_STRIP = NO;
				DEBUG_INFORMATION_FORMAT = dwarf;
				ENABLE_STRICT_OBJC_MSGSEND = YES;
				ENABLE_TESTABILITY = YES;
				GCC_C_LANGUAGE_STANDARD = gnu99;
				GCC_DYNAMIC_NO_PIC = NO;
				GCC_NO_COMMON_BLOCKS = YES;
				GCC_OPTIMIZATION_LEVEL = 0;
				GCC_PREPROCESSOR_DEFINITIONS = (
					"DEBUG=1",
					"$(inherited)",
				);
				GCC_WARN_64_TO_32_BIT_CONVERSION = YES;
				GCC_WARN_ABOUT_RETURN_TYPE = YES_ERROR;
				GCC_WARN_UNDECLARED_SELECTOR = YES;
				GCC_WARN_UNINITIALIZED_AUTOS = YES_AGGRESSIVE;
				GCC_WARN_UNUSED_FUNCTION = YES;
				GCC_WARN_UNUSED_VARIABLE = YES;
				IPHONEOS_DEPLOYMENT_TARGET = 10.1;
				MTL_ENABLE_DEBUG_INFO = YES;
				ONLY_ACTIVE_ARCH = YES;
				SDKROOT = iphoneos;
				SWIFT_ACTIVE_COMPILATION_CONDITIONS = DEBUG;
				SWIFT_OPTIMIZATION_LEVEL = "-Onone";
			};
			name = Debug;
		};
		CAF674AE1E55C6C1009A09F1 /* Release */ = {
			isa = XCBuildConfiguration;
			buildSettings = {
				ALWAYS_SEARCH_USER_PATHS = NO;
				CLANG_ANALYZER_NONNULL = YES;
				CLANG_CXX_LANGUAGE_STANDARD = "gnu++0x";
				CLANG_CXX_LIBRARY = "libc++";
				CLANG_ENABLE_MODULES = YES;
				CLANG_ENABLE_OBJC_ARC = YES;
				CLANG_WARN_BOOL_CONVERSION = YES;
				CLANG_WARN_CONSTANT_CONVERSION = YES;
				CLANG_WARN_DIRECT_OBJC_ISA_USAGE = YES_ERROR;
				CLANG_WARN_DOCUMENTATION_COMMENTS = YES;
				CLANG_WARN_EMPTY_BODY = YES;
				CLANG_WARN_ENUM_CONVERSION = YES;
				CLANG_WARN_INFINITE_RECURSION = YES;
				CLANG_WARN_INT_CONVERSION = YES;
				CLANG_WARN_OBJC_ROOT_CLASS = YES_ERROR;
				CLANG_WARN_SUSPICIOUS_MOVES = YES;
				CLANG_WARN_UNREACHABLE_CODE = YES;
				CLANG_WARN__DUPLICATE_METHOD_MATCH = YES;
				"CODE_SIGN_IDENTITY[sdk=iphoneos*]" = "iPhone Developer";
				COPY_PHASE_STRIP = NO;
				DEBUG_INFORMATION_FORMAT = "dwarf-with-dsym";
				ENABLE_NS_ASSERTIONS = NO;
				ENABLE_STRICT_OBJC_MSGSEND = YES;
				GCC_C_LANGUAGE_STANDARD = gnu99;
				GCC_NO_COMMON_BLOCKS = YES;
				GCC_WARN_64_TO_32_BIT_CONVERSION = YES;
				GCC_WARN_ABOUT_RETURN_TYPE = YES_ERROR;
				GCC_WARN_UNDECLARED_SELECTOR = YES;
				GCC_WARN_UNINITIALIZED_AUTOS = YES_AGGRESSIVE;
				GCC_WARN_UNUSED_FUNCTION = YES;
				GCC_WARN_UNUSED_VARIABLE = YES;
				IPHONEOS_DEPLOYMENT_TARGET = 10.1;
				MTL_ENABLE_DEBUG_INFO = NO;
				SDKROOT = iphoneos;
				SWIFT_OPTIMIZATION_LEVEL = "-Owholemodule";
				VALIDATE_PRODUCT = YES;
			};
			name = Release;
		};
		CAF674B01E55C6C1009A09F1 /* Debug */ = {
			isa = XCBuildConfiguration;
			buildSettings = {
				ASSETCATALOG_COMPILER_APPICON_NAME = AppIcon;
				INFOPLIST_FILE = helloworldgit/Info.plist;
				LD_RUNPATH_SEARCH_PATHS = "$(inherited) @executable_path/Frameworks";
				PRODUCT_BUNDLE_IDENTIFIER = "jarryds-stuff.helloworldgit";
				PRODUCT_NAME = "$(TARGET_NAME)";
				SWIFT_VERSION = 3.0;
			};
			name = Debug;
		};
		CAF674B11E55C6C1009A09F1 /* Release */ = {
			isa = XCBuildConfiguration;
			buildSettings = {
				ASSETCATALOG_COMPILER_APPICON_NAME = AppIcon;
				INFOPLIST_FILE = helloworldgit/Info.plist;
				LD_RUNPATH_SEARCH_PATHS = "$(inherited) @executable_path/Frameworks";
				PRODUCT_BUNDLE_IDENTIFIER = "jarryds-stuff.helloworldgit";
				PRODUCT_NAME = "$(TARGET_NAME)";
				SWIFT_VERSION = 3.0;
			};
			name = Release;
		};
/* End XCBuildConfiguration section */

/* Begin XCConfigurationList section */
		CAF674981E55C6C0009A09F1 /* Build configuration list for PBXProject "helloworldgit" */ = {
			isa = XCConfigurationList;
			buildConfigurations = (
				CAF674AD1E55C6C1009A09F1 /* Debug */,
				CAF674AE1E55C6C1009A09F1 /* Release */,
			);
			defaultConfigurationIsVisible = 0;
			defaultConfigurationName = Release;
		};
		CAF674AF1E55C6C1009A09F1 /* Build configuration list for PBXNativeTarget "helloworldgit" */ = {
			isa = XCConfigurationList;
			buildConfigurations = (
				CAF674B01E55C6C1009A09F1 /* Debug */,
				CAF674B11E55C6C1009A09F1 /* Release */,
			);
			defaultConfigurationIsVisible = 0;
		};
/* End XCConfigurationList section */
	};
	rootObject = CAF674951E55C6C0009A09F1 /* Project object */;
}
